
Microsoft Visual Studio Solution File, Format Version 12.00
Project("{FAE04EC0-301F-11D3-BF4B-00C04F79EFBC}") = "AuctionService", "AuctionService\AuctionService.csproj", "{1884E954-8A2A-4245-9BDF-2A24F44212D1}"
EndProject
Global
	GlobalSection(SolutionConfigurationPlatforms) = preSolution
		Debug|Any CPU = Debug|Any CPU
		Release|Any CPU = Release|Any CPU
	EndGlobalSection
	GlobalSection(ProjectConfigurationPlatforms) = postSolution
		{1884E954-8A2A-4245-9BDF-2A24F44212D1}.Debug|Any CPU.ActiveCfg = Debug|Any CPU
		{1884E954-8A2A-4245-9BDF-2A24F44212D1}.Debug|Any CPU.Build.0 = Debug|Any CPU
		{1884E954-8A2A-4245-9BDF-2A24F44212D1}.Release|Any CPU.ActiveCfg = Release|Any CPU
		{1884E954-8A2A-4245-9BDF-2A24F44212D1}.Release|Any CPU.Build.0 = Release|Any CPU
	EndGlobalSection
EndGlobal
